
Microsoft Visual Studio Solution File, Format Version 12.00
# Visual Studio Version 16
VisualStudioVersion = 16.0.33027.164
MinimumVisualStudioVersion = 10.0.40219.1
Project("{FAE04EC0-301F-11D3-BF4B-00C04F79EFBC}") = "szamologep", "szamologep\szamologep.csproj", "{EC82CDE0-EBF0-4486-ADE0-A33BDA3E1EF6}"
EndProject
Global
	GlobalSection(SolutionConfigurationPlatforms) = preSolution
		Debug|Any CPU = Debug|Any CPU
		Release|Any CPU = Release|Any CPU
	EndGlobalSection
	GlobalSection(ProjectConfigurationPlatforms) = postSolution
		{EC82CDE0-EBF0-4486-ADE0-A33BDA3E1EF6}.Debug|Any CPU.ActiveCfg = Debug|Any CPU
		{EC82CDE0-EBF0-4486-ADE0-A33BDA3E1EF6}.Debug|Any CPU.Build.0 = Debug|Any CPU
		{EC82CDE0-EBF0-4486-ADE0-A33BDA3E1EF6}.Release|Any CPU.ActiveCfg = Release|Any CPU
		{EC82CDE0-EBF0-4486-ADE0-A33BDA3E1EF6}.Release|Any CPU.Build.0 = Release|Any CPU
	EndGlobalSection
	GlobalSection(SolutionProperties) = preSolution
		HideSolutionNode = FALSE
	EndGlobalSection
	GlobalSection(ExtensibilityGlobals) = postSolution
		SolutionGuid = {38879C8A-BC52-499B-BA85-A8C93F9F58B9}
	EndGlobalSection
EndGlobal
